
Microsoft Visual Studio Solution File, Format Version 12.00
# Visual Studio Version 17
VisualStudioVersion = 17.13.35825.156
MinimumVisualStudioVersion = 10.0.40219.1
Project("{FAE04EC0-301F-11D3-BF4B-00C04F79EFBC}") = "PublicityFileUploadDemo", "PublicityFileUploadDemo\PublicityFileUploadDemo.csproj", "{2685F248-C5FF-42A1-A16C-842268BB5419}"
EndProject
Project("{FAE04EC0-301F-11D3-BF4B-00C04F79EFBC}") = "PublicityApp.Tests.Unit", "PublicityApp.Tests.Unit\PublicityApp.Tests.Unit.csproj", "{B83EE017-5A42-49E4-B0E4-D2CD6538AF34}"
EndProject
Global
	GlobalSection(SolutionConfigurationPlatforms) = preSolution
		Debug|Any CPU = Debug|Any CPU
		Release|Any CPU = Release|Any CPU
	EndGlobalSection
	GlobalSection(ProjectConfigurationPlatforms) = postSolution
		{2685F248-C5FF-42A1-A16C-842268BB5419}.Debug|Any CPU.ActiveCfg = Debug|Any CPU
		{2685F248-C5FF-42A1-A16C-842268BB5419}.Debug|Any CPU.Build.0 = Debug|Any CPU
		{2685F248-C5FF-42A1-A16C-842268BB5419}.Release|Any CPU.ActiveCfg = Release|Any CPU
		{2685F248-C5FF-42A1-A16C-842268BB5419}.Release|Any CPU.Build.0 = Release|Any CPU
		{B83EE017-5A42-49E4-B0E4-D2CD6538AF34}.Debug|Any CPU.ActiveCfg = Debug|Any CPU
		{B83EE017-5A42-49E4-B0E4-D2CD6538AF34}.Debug|Any CPU.Build.0 = Debug|Any CPU
		{B83EE017-5A42-49E4-B0E4-D2CD6538AF34}.Release|Any CPU.ActiveCfg = Release|Any CPU
		{B83EE017-5A42-49E4-B0E4-D2CD6538AF34}.Release|Any CPU.Build.0 = Release|Any CPU
	EndGlobalSection
	GlobalSection(SolutionProperties) = preSolution
		HideSolutionNode = FALSE
	EndGlobalSection
	GlobalSection(ExtensibilityGlobals) = postSolution
		SolutionGuid = {3813572D-D364-494A-85B6-5896273F7672}
	EndGlobalSection
EndGlobal
